<?xml version="1.0" encoding="utf-8"?>
<Project ToolsVersion="4.0" xmlns="http://schemas.microsoft.com/developer/msbuild/2003">
  <ItemGroup>
    <Filter Include="源文件">
      <UniqueIdentifier>{4FC737F1-C7A5-4376-A066-2A32D752A2FF}</UniqueIdentifier>
      <Extensions>cpp;c;cc;cxx;def;odl;idl;hpj;bat;asm;asmx</Extensions>
    </Filter>
    <Filter Include="头文件">
      <UniqueIdentifier>{93995380-89BD-4b04-88EB-625FBE52EBFB}</UniqueIdentifier>
      <Extensions>h;hh;hpp;hxx;hm;inl;inc;xsd</Extensions>
    </Filter>
    <Filter Include="资源文件">
      <UniqueIdentifier>{67DA6AB6-F800-4c08-8B7A-83BB121AAD01}</UniqueIdentifier>
      <Extensions>rc;ico;cur;bmp;dlg;rc2;rct;bin;rgs;gif;jpg;jpeg;jpe;resx;tiff;tif;png;wav;mfcribbon-ms</Extensions>
    </Filter>
    <Filter Include="源文件\Collections">
      <UniqueIdentifier>{4ddc3381-1e1a-4c3b-bf10-07bd6ad2c8b8}</UniqueIdentifier>
    </Filter>
    <Filter Include="源文件\Sort">
      <UniqueIdentifier>{c2a7e886-db2f-453c-ad3c-e516fdeaf7e0}</UniqueIdentifier>
    </Filter>
  </ItemGroup>
  <ItemGroup>
    <Text Include="ReadMe.txt" />
  </ItemGroup>
  <ItemGroup>
    <ClInclude Include="stdafx.h">
      <Filter>头文件</Filter>
    </ClInclude>
    <ClInclude Include="targetver.h">
      <Filter>头文件</Filter>
    </ClInclude>
    <ClInclude Include="StdRandom.h">
      <Filter>头文件</Filter>
    </ClInclude>
    <ClInclude Include="FunctionalityTest.h">
      <Filter>头文件</Filter>
    </ClInclude>
    <ClInclude Include="CollectionTests.h">
      <Filter>源文件\Collections</Filter>
    </ClInclude>
    <ClInclude Include="MinPriorityQueue.h">
      <Filter>头文件</Filter>
    </ClInclude>
    <ClInclude Include="Quick.h">
      <Filter>头文件</Filter>
    </ClInclude>
    <ClInclude Include="SortBase.h">
      <Filter>源文件\Sort</Filter>
    </ClInclude>
    <ClInclude Include="LinkedList.h">
      <Filter>源文件\Collections</Filter>
    </ClInclude>
  </ItemGroup>
  <ItemGroup>
    <ClCompile Include="stdafx.cpp">
      <Filter>源文件</Filter>
    </ClCompile>
    <ClCompile Include="FundamentalAlgorithms.cpp">
      <Filter>源文件</Filter>
    </ClCompile>
    <ClCompile Include="StdRandom.cpp">
      <Filter>源文件</Filter>
    </ClCompile>
    <ClCompile Include="FunctionalityTest.cpp">
      <Filter>源文件</Filter>
    </ClCompile>
    <ClCompile Include="CollectionTests.cpp">
      <Filter>源文件\Collections</Filter>
    </ClCompile>
    <ClCompile Include="MinPriorityQueue.cpp">
      <Filter>源文件\Sort</Filter>
    </ClCompile>
    <ClCompile Include="Quick.cpp">
      <Filter>源文件\Sort</Filter>
    </ClCompile>
    <ClCompile Include="SortBase.cpp">
      <Filter>源文件\Sort</Filter>
    </ClCompile>
  </ItemGroup>
</Project>